
Microsoft Visual Studio Solution File, Format Version 12.00
# Visual Studio Version 17
VisualStudioVersion = 17.7.34031.279
MinimumVisualStudioVersion = 10.0.40219.1
Project("{FAE04EC0-301F-11D3-BF4B-00C04F79EFBC}") = "FogLampConfigurationTool", "FogLampConfigurationTool\FogLampConfigurationTool.csproj", "{0DAA12D7-B4CF-405B-8325-8FF79267A6C8}"
EndProject
Project("{FAE04EC0-301F-11D3-BF4B-00C04F79EFBC}") = "WorkstationSimulator", "WorkstationSimulator\WorkstationSimulator.csproj", "{884BF474-043A-442E-8CC7-A87EEACD4BB0}"
EndProject
Project("{FAE04EC0-301F-11D3-BF4B-00C04F79EFBC}") = "RunnerStationStatusViewer", "RunnerStationStatusViewer\RunnerStationStatusViewer.csproj", "{A10C3FD9-2A68-4FF1-9C9C-191DFD1541F3}"
EndProject
Project("{FAE04EC0-301F-11D3-BF4B-00C04F79EFBC}") = "AssemblyDigitalKanBan", "AssemblyDigitalKanBan\AssemblyDigitalKanBan.csproj", "{47D3B62B-1534-4B62-B89D-46918A86F4CA}"
EndProject
Project("{FAE04EC0-301F-11D3-BF4B-00C04F79EFBC}") = "WorkstationAndonDisplay", "WorkstationAndonDisplay\WorkstationAndonDisplay.csproj", "{C394411A-C8EB-43C7-BE9C-B74117DF395E}"
EndProject
Global
	GlobalSection(SolutionConfigurationPlatforms) = preSolution
		Debug|Any CPU = Debug|Any CPU
		Release|Any CPU = Release|Any CPU
	EndGlobalSection
	GlobalSection(ProjectConfigurationPlatforms) = postSolution
		{0DAA12D7-B4CF-405B-8325-8FF79267A6C8}.Debug|Any CPU.ActiveCfg = Debug|Any CPU
		{0DAA12D7-B4CF-405B-8325-8FF79267A6C8}.Debug|Any CPU.Build.0 = Debug|Any CPU
		{0DAA12D7-B4CF-405B-8325-8FF79267A6C8}.Release|Any CPU.ActiveCfg = Release|Any CPU
		{0DAA12D7-B4CF-405B-8325-8FF79267A6C8}.Release|Any CPU.Build.0 = Release|Any CPU
		{884BF474-043A-442E-8CC7-A87EEACD4BB0}.Debug|Any CPU.ActiveCfg = Debug|Any CPU
		{884BF474-043A-442E-8CC7-A87EEACD4BB0}.Debug|Any CPU.Build.0 = Debug|Any CPU
		{884BF474-043A-442E-8CC7-A87EEACD4BB0}.Release|Any CPU.ActiveCfg = Release|Any CPU
		{884BF474-043A-442E-8CC7-A87EEACD4BB0}.Release|Any CPU.Build.0 = Release|Any CPU
		{A10C3FD9-2A68-4FF1-9C9C-191DFD1541F3}.Debug|Any CPU.ActiveCfg = Debug|Any CPU
		{A10C3FD9-2A68-4FF1-9C9C-191DFD1541F3}.Debug|Any CPU.Build.0 = Debug|Any CPU
		{A10C3FD9-2A68-4FF1-9C9C-191DFD1541F3}.Release|Any CPU.ActiveCfg = Release|Any CPU
		{A10C3FD9-2A68-4FF1-9C9C-191DFD1541F3}.Release|Any CPU.Build.0 = Release|Any CPU
		{47D3B62B-1534-4B62-B89D-46918A86F4CA}.Debug|Any CPU.ActiveCfg = Debug|Any CPU
		{47D3B62B-1534-4B62-B89D-46918A86F4CA}.Debug|Any CPU.Build.0 = Debug|Any CPU
		{47D3B62B-1534-4B62-B89D-46918A86F4CA}.Release|Any CPU.ActiveCfg = Release|Any CPU
		{47D3B62B-1534-4B62-B89D-46918A86F4CA}.Release|Any CPU.Build.0 = Release|Any CPU
		{C394411A-C8EB-43C7-BE9C-B74117DF395E}.Debug|Any CPU.ActiveCfg = Debug|Any CPU
		{C394411A-C8EB-43C7-BE9C-B74117DF395E}.Debug|Any CPU.Build.0 = Debug|Any CPU
		{C394411A-C8EB-43C7-BE9C-B74117DF395E}.Release|Any CPU.ActiveCfg = Release|Any CPU
		{C394411A-C8EB-43C7-BE9C-B74117DF395E}.Release|Any CPU.Build.0 = Release|Any CPU
	EndGlobalSection
	GlobalSection(SolutionProperties) = preSolution
		HideSolutionNode = FALSE
	EndGlobalSection
	GlobalSection(ExtensibilityGlobals) = postSolution
		SolutionGuid = {5C1FCF62-945F-4C09-ACCD-E673BE5FF9F4}
	EndGlobalSection
EndGlobal
